dependencies:
- name: redis
  repository: https://marketplace.azurecr.io/helm/v1/repo
  version: 17.1.7
- name: common
  repository: https://marketplace.azurecr.io/helm/v1/repo
  version: 2.0.3
digest: sha256:f41107bbfd4061774f7b9e2073746e9e78229373a362d3854b431e690b56dddf
generated: "2022-09-26T16:12:12.045172754Z"
